
Microsoft Visual Studio Solution File, Format Version 12.00
# Visual Studio Version 17
VisualStudioVersion = 17.12.35527.113 d17.12
MinimumVisualStudioVersion = 10.0.40219.1
Project("{2150E333-8FDC-42A3-9474-1A3956D46DE8}") = "Firewall", "Firewall", "{1CE89A27-29B8-4952-8520-A6049F7DC875}"
EndProject
Project("{2150E333-8FDC-42A3-9474-1A3956D46DE8}") = "Capture", "Capture", "{BFF2ED2F-1454-4B32-BD60-F73E454AAAB6}"
EndProject
Project("{FAE04EC0-301F-11D3-BF4B-00C04F79EFBC}") = "CapturepACK", "..\CapturepACK\CapturepACK.csproj", "{08BCA494-E42E-481B-B2A2-913FF626E78C}"
EndProject
Global
	GlobalSection(SolutionConfigurationPlatforms) = preSolution
		Debug|Any CPU = Debug|Any CPU
		Release|Any CPU = Release|Any CPU
	EndGlobalSection
	GlobalSection(ProjectConfigurationPlatforms) = postSolution
		{08BCA494-E42E-481B-B2A2-913FF626E78C}.Debug|Any CPU.ActiveCfg = Debug|Any CPU
		{08BCA494-E42E-481B-B2A2-913FF626E78C}.Debug|Any CPU.Build.0 = Debug|Any CPU
		{08BCA494-E42E-481B-B2A2-913FF626E78C}.Release|Any CPU.ActiveCfg = Release|Any CPU
		{08BCA494-E42E-481B-B2A2-913FF626E78C}.Release|Any CPU.Build.0 = Release|Any CPU
	EndGlobalSection
	GlobalSection(SolutionProperties) = preSolution
		HideSolutionNode = FALSE
	EndGlobalSection
	GlobalSection(NestedProjects) = preSolution
		{08BCA494-E42E-481B-B2A2-913FF626E78C} = {BFF2ED2F-1454-4B32-BD60-F73E454AAAB6}
	EndGlobalSection
EndGlobal
